
Microsoft Visual Studio Solution File, Format Version 12.00
# Visual Studio Version 16
VisualStudioVersion = 25.0.1704.0
MinimumVisualStudioVersion = 10.0.40219.1
Project("{FAE04EC0-301F-11D3-BF4B-00C04F79EFBC}") = "DemoActionsAPI", "DemoActionsAPI\DemoActionsAPI.csproj", "{5A69F2F2-7132-4A58-9E38-44114DB91953}"
EndProject
Global
	GlobalSection(SolutionConfigurationPlatforms) = preSolution
		Debug|Any CPU = Debug|Any CPU
		Release|Any CPU = Release|Any CPU
	EndGlobalSection
	GlobalSection(ProjectConfigurationPlatforms) = postSolution
		{5A69F2F2-7132-4A58-9E38-44114DB91953}.Debug|Any CPU.ActiveCfg = Debug|Any CPU
		{5A69F2F2-7132-4A58-9E38-44114DB91953}.Debug|Any CPU.Build.0 = Debug|Any CPU
		{5A69F2F2-7132-4A58-9E38-44114DB91953}.Release|Any CPU.ActiveCfg = Release|Any CPU
		{5A69F2F2-7132-4A58-9E38-44114DB91953}.Release|Any CPU.Build.0 = Release|Any CPU
	EndGlobalSection
	GlobalSection(SolutionProperties) = preSolution
		HideSolutionNode = FALSE
	EndGlobalSection
	GlobalSection(ExtensibilityGlobals) = postSolution
		SolutionGuid = {16F7FB8B-898F-4A2E-9900-AED4698BDF4A}
	EndGlobalSection
EndGlobal
